
Microsoft Visual Studio Solution File, Format Version 12.00
# Visual Studio 15
VisualStudioVersion = 15.0.28307.329
MinimumVisualStudioVersion = 10.0.40219.1
Project("{FAE04EC0-301F-11D3-BF4B-00C04F79EFBC}") = "RepoPatternApp", "RepoPatternApp\RepoPatternApp.csproj", "{85B95655-7514-4E3A-9711-9FAAB50E77E9}"
EndProject
Project("{FAE04EC0-301F-11D3-BF4B-00C04F79EFBC}") = "RepoPattern.Core", "RepoPattern.Core\RepoPattern.Core.csproj", "{DF090804-5E34-4709-9D3A-C7CE562C0317}"
EndProject
Project("{FAE04EC0-301F-11D3-BF4B-00C04F79EFBC}") = "RepoPattern.Infrastructure", "RepoPattern.Infrastructure\RepoPattern.Infrastructure.csproj", "{B1A4510C-759B-46F9-A9B4-1D87D83523C2}"
EndProject
Project("{FAE04EC0-301F-11D3-BF4B-00C04F79EFBC}") = "RepoPattern.Test", "RepoPattern.Test\RepoPattern.Test.csproj", "{4A200473-1276-43F1-80F9-9EE1F3156EBF}"
EndProject
Global
	GlobalSection(SolutionConfigurationPlatforms) = preSolution
		Debug|Any CPU = Debug|Any CPU
		Release|Any CPU = Release|Any CPU
	EndGlobalSection
	GlobalSection(ProjectConfigurationPlatforms) = postSolution
		{85B95655-7514-4E3A-9711-9FAAB50E77E9}.Debug|Any CPU.ActiveCfg = Debug|Any CPU
		{85B95655-7514-4E3A-9711-9FAAB50E77E9}.Debug|Any CPU.Build.0 = Debug|Any CPU
		{85B95655-7514-4E3A-9711-9FAAB50E77E9}.Release|Any CPU.ActiveCfg = Release|Any CPU
		{85B95655-7514-4E3A-9711-9FAAB50E77E9}.Release|Any CPU.Build.0 = Release|Any CPU
		{DF090804-5E34-4709-9D3A-C7CE562C0317}.Debug|Any CPU.ActiveCfg = Debug|Any CPU
		{DF090804-5E34-4709-9D3A-C7CE562C0317}.Debug|Any CPU.Build.0 = Debug|Any CPU
		{DF090804-5E34-4709-9D3A-C7CE562C0317}.Release|Any CPU.ActiveCfg = Release|Any CPU
		{DF090804-5E34-4709-9D3A-C7CE562C0317}.Release|Any CPU.Build.0 = Release|Any CPU
		{B1A4510C-759B-46F9-A9B4-1D87D83523C2}.Debug|Any CPU.ActiveCfg = Debug|Any CPU
		{B1A4510C-759B-46F9-A9B4-1D87D83523C2}.Debug|Any CPU.Build.0 = Debug|Any CPU
		{B1A4510C-759B-46F9-A9B4-1D87D83523C2}.Release|Any CPU.ActiveCfg = Release|Any CPU
		{B1A4510C-759B-46F9-A9B4-1D87D83523C2}.Release|Any CPU.Build.0 = Release|Any CPU
		{4A200473-1276-43F1-80F9-9EE1F3156EBF}.Debug|Any CPU.ActiveCfg = Debug|Any CPU
		{4A200473-1276-43F1-80F9-9EE1F3156EBF}.Debug|Any CPU.Build.0 = Debug|Any CPU
		{4A200473-1276-43F1-80F9-9EE1F3156EBF}.Release|Any CPU.ActiveCfg = Release|Any CPU
		{4A200473-1276-43F1-80F9-9EE1F3156EBF}.Release|Any CPU.Build.0 = Release|Any CPU
	EndGlobalSection
	GlobalSection(SolutionProperties) = preSolution
		HideSolutionNode = FALSE
	EndGlobalSection
	GlobalSection(ExtensibilityGlobals) = postSolution
		SolutionGuid = {3457145D-9003-43E1-866A-298DE34771E9}
	EndGlobalSection
EndGlobal
